
Microsoft Visual Studio Solution File, Format Version 12.00
# Visual Studio 2013
VisualStudioVersion = 12.0.21005.1
MinimumVisualStudioVersion = 10.0.40219.1
Project("{FAE04EC0-301F-11D3-BF4B-00C04F79EFBC}") = "osu!AR11Maker", "osu!AR11Maker\osu!AR11Maker.csproj", "{39536E1C-FD10-49D4-B0F3-D18F8E957CF4}"
EndProject
Global
	GlobalSection(SolutionConfigurationPlatforms) = preSolution
		Debug|Any CPU = Debug|Any CPU
		Release|Any CPU = Release|Any CPU
	EndGlobalSection
	GlobalSection(ProjectConfigurationPlatforms) = postSolution
		{39536E1C-FD10-49D4-B0F3-D18F8E957CF4}.Debug|Any CPU.ActiveCfg = Debug|Any CPU
		{39536E1C-FD10-49D4-B0F3-D18F8E957CF4}.Debug|Any CPU.Build.0 = Debug|Any CPU
		{39536E1C-FD10-49D4-B0F3-D18F8E957CF4}.Release|Any CPU.ActiveCfg = Release|Any CPU
		{39536E1C-FD10-49D4-B0F3-D18F8E957CF4}.Release|Any CPU.Build.0 = Release|Any CPU
	EndGlobalSection
	GlobalSection(SolutionProperties) = preSolution
		HideSolutionNode = FALSE
	EndGlobalSection
EndGlobal
